
Microsoft Visual Studio Solution File, Format Version 12.00
# Visual Studio 14
VisualStudioVersion = 14.0.25420.1
MinimumVisualStudioVersion = 10.0.40219.1
Project("{FAE04EC0-301F-11D3-BF4B-00C04F79EFBC}") = "BACnet_modify", "BACnet_modify\BACnet_modify.csproj", "{F85CDF9E-AB10-4A31-8113-023457D7B9AD}"
EndProject
Project("{FAE04EC0-301F-11D3-BF4B-00C04F79EFBC}") = "BACsharp_modify", "BACsharp_modify\BACsharp_modify.csproj", "{701BBB0F-7703-478C-9277-1E0662580BAF}"
EndProject
Global
	GlobalSection(SolutionConfigurationPlatforms) = preSolution
		Debug|Any CPU = Debug|Any CPU
		Release|Any CPU = Release|Any CPU
	EndGlobalSection
	GlobalSection(ProjectConfigurationPlatforms) = postSolution
		{F85CDF9E-AB10-4A31-8113-023457D7B9AD}.Debug|Any CPU.ActiveCfg = Debug|Any CPU
		{F85CDF9E-AB10-4A31-8113-023457D7B9AD}.Debug|Any CPU.Build.0 = Debug|Any CPU
		{F85CDF9E-AB10-4A31-8113-023457D7B9AD}.Release|Any CPU.ActiveCfg = Release|Any CPU
		{F85CDF9E-AB10-4A31-8113-023457D7B9AD}.Release|Any CPU.Build.0 = Release|Any CPU
		{701BBB0F-7703-478C-9277-1E0662580BAF}.Debug|Any CPU.ActiveCfg = Debug|Any CPU
		{701BBB0F-7703-478C-9277-1E0662580BAF}.Debug|Any CPU.Build.0 = Debug|Any CPU
		{701BBB0F-7703-478C-9277-1E0662580BAF}.Release|Any CPU.ActiveCfg = Release|Any CPU
		{701BBB0F-7703-478C-9277-1E0662580BAF}.Release|Any CPU.Build.0 = Release|Any CPU
	EndGlobalSection
	GlobalSection(SolutionProperties) = preSolution
		HideSolutionNode = FALSE
	EndGlobalSection
EndGlobal
